dependencies:
- name: shared-helpers
  repository: file://charts/shared-helpers
  version: 0.1.0
- name: ecommerce-product-service
  repository: file://charts/ecommerce-product-service
  version: 0.0.20
- name: ecommerce-category-service
  repository: file://charts/ecommerce-category-service
  version: 0.0.20
- name: ecommerce-product-query-service
  repository: file://charts/ecommerce-product-query-service
  version: 0.0.2
- name: ecommerce-category-query-service
  repository: file://charts/ecommerce-category-query-service
  version: 0.0.2
digest: sha256:c319cb5f159d1f2585369bba95f5ba2c735b969521109b88e7624a86bb5bfb7f
generated: "2025-07-02T16:17:44.815109633+02:00"
